
Microsoft Visual Studio Solution File, Format Version 12.00
# Visual Studio Version 17
VisualStudioVersion = 17.3.32825.248
MinimumVisualStudioVersion = 10.0.40219.1
Project("{FAE04EC0-301F-11D3-BF4B-00C04F79EFBC}") = "UI-PR-TASK4", "UI-PR-TASK4\UI-PR-TASK4.csproj", "{4CDFBD2B-533E-4A02-9C08-C1752D7A2612}"
EndProject
Global
	GlobalSection(SolutionConfigurationPlatforms) = preSolution
		Debug|Any CPU = Debug|Any CPU
		Release|Any CPU = Release|Any CPU
	EndGlobalSection
	GlobalSection(ProjectConfigurationPlatforms) = postSolution
		{4CDFBD2B-533E-4A02-9C08-C1752D7A2612}.Debug|Any CPU.ActiveCfg = Debug|Any CPU
		{4CDFBD2B-533E-4A02-9C08-C1752D7A2612}.Debug|Any CPU.Build.0 = Debug|Any CPU
		{4CDFBD2B-533E-4A02-9C08-C1752D7A2612}.Release|Any CPU.ActiveCfg = Release|Any CPU
		{4CDFBD2B-533E-4A02-9C08-C1752D7A2612}.Release|Any CPU.Build.0 = Release|Any CPU
	EndGlobalSection
	GlobalSection(SolutionProperties) = preSolution
		HideSolutionNode = FALSE
	EndGlobalSection
	GlobalSection(ExtensibilityGlobals) = postSolution
		SolutionGuid = {FB8D8F5B-28D6-42F4-8576-D0DE617F507E}
	EndGlobalSection
EndGlobal
