
Microsoft Visual Studio Solution File, Format Version 12.00
# Visual Studio Version 17
VisualStudioVersion = 17.3.32825.248
MinimumVisualStudioVersion = 10.0.40219.1
Project("{9A19103F-16F7-4668-BE54-9A1E7A4F7556}") = "Task_13", "Task_13.csproj", "{6A341756-E268-4E36-A844-EDE7A6B46924}"
EndProject
Global
	GlobalSection(SolutionConfigurationPlatforms) = preSolution
		Debug|Any CPU = Debug|Any CPU
		Release|Any CPU = Release|Any CPU
	EndGlobalSection
	GlobalSection(ProjectConfigurationPlatforms) = postSolution
		{6A341756-E268-4E36-A844-EDE7A6B46924}.Debug|Any CPU.ActiveCfg = Debug|Any CPU
		{6A341756-E268-4E36-A844-EDE7A6B46924}.Debug|Any CPU.Build.0 = Debug|Any CPU
		{6A341756-E268-4E36-A844-EDE7A6B46924}.Release|Any CPU.ActiveCfg = Release|Any CPU
		{6A341756-E268-4E36-A844-EDE7A6B46924}.Release|Any CPU.Build.0 = Release|Any CPU
	EndGlobalSection
	GlobalSection(SolutionProperties) = preSolution
		HideSolutionNode = FALSE
	EndGlobalSection
	GlobalSection(ExtensibilityGlobals) = postSolution
		SolutionGuid = {7042D2CC-8E91-4F24-A03B-A9B8697D4B49}
	EndGlobalSection
EndGlobal
